// !$*UTF8*$!
{
	archiveVersion = 1;
	classes = {
	};
	objectVersion = 50;
	objects = {

/* Begin PBXBuildFile section */
		EE964C2D21CB879500D0161F /* AppDelegate.m in Sources */ = {isa = PBXBuildFile; fileRef = EE964C2C21CB879500D0161F /* AppDelegate.m */; };
		EE964C3021CB879500D0161F /* ViewController.m in Sources */ = {isa = PBXBuildFile; fileRef = EE964C2F21CB879500D0161F /* ViewController.m */; };
		EE964C3321CB879500D0161F /* Main.storyboard in Resources */ = {isa = PBXBuildFile; fileRef = EE964C3121CB879500D0161F /* Main.storyboard */; };
		EE964C3521CB879700D0161F /* Assets.xcassets in Resources */ = {isa = PBXBuildFile; fileRef = EE964C3421CB879700D0161F /* Assets.xcassets */; };
		EE964C3821CB879700D0161F /* LaunchScreen.storyboard in Resources */ = {isa = PBXBuildFile; fileRef = EE964C3621CB879700D0161F /* LaunchScreen.storyboard */; };
		EE964C3B21CB879700D0161F /* main.m in Sources */ = {isa = PBXBuildFile; fileRef = EE964C3A21CB879700D0161F /* main.m */; };
		EE964C4521CB879700D0161F /* OCDateFormatterTests.m in Sources */ = {isa = PBXBuildFile; fileRef = EE964C4421CB879700D0161F /* OCDateFormatterTests.m */; };
		EE964C5021CB879700D0161F /* OCDateFormatterUITests.m in Sources */ = {isa = PBXBuildFile; fileRef = EE964C4F21CB879700D0161F /* OCDateFormatterUITests.m */; };
		EE964C6221CBB51F00D0161F /* DateFormatterCache.m in Sources */ = {isa = PBXBuildFile; fileRef = EE964C6121CBB51F00D0161F /* DateFormatterCache.m */; };
/* End PBXBuildFile section */

/* Begin PBXContainerItemProxy section */
		EE964C4121CB879700D0161F /* PBXContainerItemProxy */ = {
			isa = PBXContainerItemProxy;
			containerPortal = EE964C2021CB879500D0161F /* Project object */;
			proxyType = 1;
			remoteGlobalIDString = EE964C2721CB879500D0161F;
			remoteInfo = OCDateFormatter;
		};
		EE964C4C21CB879700D0161F /* PBXContainerItemProxy */ = {
			isa = PBXContainerItemProxy;
			containerPortal = EE964C2021CB879500D0161F /* Project object */;
			proxyType = 1;
			remoteGlobalIDString = EE964C2721CB879500D0161F;
			remoteInfo = OCDateFormatter;
		};
/* End PBXContainerItemProxy section */

/* Begin PBXFileReference section */
		EE964C2821CB879500D0161F /* OCDateFormatter.app */ = {isa = PBXFileReference; explicitFileType = wrapper.application; includeInIndex = 0; path = OCDateFormatter.app; sourceTree = BUILT_PRODUCTS_DIR; };
		EE964C2B21CB879500D0161F /* AppDelegate.h */ = {isa = PBXFileReference; lastKnownFileType = sourcecode.c.h; path = AppDelegate.h; sourceTree = "<group>"; };
		EE964C2C21CB879500D0161F /* AppDelegate.m */ = {isa = PBXFileReference; lastKnownFileType = sourcecode.c.objc; path = AppDelegate.m; sourceTree = "<group>"; };
		EE964C2E21CB879500D0161F /* ViewController.h */ = {isa = PBXFileReference; lastKnownFileType = sourcecode.c.h; path = ViewController.h; sourceTree = "<group>"; };
		EE964C2F21CB879500D0161F /* ViewController.m */ = {isa = PBXFileReference; lastKnownFileType = sourcecode.c.objc; path = ViewController.m; sourceTree = "<group>"; };
		EE964C3221CB879500D0161F /* Base */ = {isa = PBXFileReference; lastKnownFileType = file.storyboard; name = Base; path = Base.lproj/Main.storyboard; sourceTree = "<group>"; };
		EE964C3421CB879700D0161F /* Assets.xcassets */ = {isa = PBXFileReference; lastKnownFileType = folder.assetcatalog; path = Assets.xcassets; sourceTree = "<group>"; };
		EE964C3721CB879700D0161F /* Base */ = {isa = PBXFileReference; lastKnownFileType = file.storyboard; name = Base; path = Base.lproj/LaunchScreen.storyboard; sourceTree = "<group>"; };
		EE964C3921CB879700D0161F /* Info.plist */ = {isa = PBXFileReference; lastKnownFileType = text.plist.xml; path = Info.plist; sourceTree = "<group>"; };
		EE964C3A21CB879700D0161F /* main.m */ = {isa = PBXFileReference; lastKnownFileType = sourcecode.c.objc; path = main.m; sourceTree = "<group>"; };
		EE964C4021CB879700D0161F /* OCDateFormatterTests.xctest */ = {isa = PBXFileReference; explicitFileType = wrapper.cfbundle; includeInIndex = 0; path = OCDateFormatterTests.xctest; sourceTree = BUILT_PRODUCTS_DIR; };
		EE964C4421CB879700D0161F /* OCDateFormatterTests.m */ = {isa = PBXFileReference; lastKnownFileType = sourcecode.c.objc; path = OCDateFormatterTests.m; sourceTree = "<group>"; };
		EE964C4621CB879700D0161F /* Info.plist */ = {isa = PBXFileReference; lastKnownFileType = text.plist.xml; path = Info.plist; sourceTree = "<group>"; };
		EE964C4B21CB879700D0161F /* OCDateFormatterUITests.xctest */ = {isa = PBXFileReference; explicitFileType = wrapper.cfbundle; includeInIndex = 0; path = OCDateFormatterUITests.xctest; sourceTree = BUILT_PRODUCTS_DIR; };
		EE964C4F21CB879700D0161F /* OCDateFormatterUITests.m */ = {isa = PBXFileReference; lastKnownFileType = sourcecode.c.objc; path = OCDateFormatterUITests.m; sourceTree = "<group>"; };
		EE964C5121CB879700D0161F /* Info.plist */ = {isa = PBXFileReference; lastKnownFileType = text.plist.xml; path = Info.plist; sourceTree = "<group>"; };
		EE964C6021CBB51F00D0161F /* DateFormatterCache.h */ = {isa = PBXFileReference; lastKnownFileType = sourcecode.c.h; path = DateFormatterCache.h; sourceTree = "<group>"; };
		EE964C6121CBB51F00D0161F /* DateFormatterCache.m */ = {isa = PBXFileReference; lastKnownFileType = sourcecode.c.objc; path = DateFormatterCache.m; sourceTree = "<group>"; };
/* End PBXFileReference section */

/* Begin PBXFrameworksBuildPhase section */
		EE964C2521CB879500D0161F /* Frameworks */ = {
			isa = PBXFrameworksBuildPhase;
			buildActionMask = 2147483647;
			files = (
			);
			runOnlyForDeploymentPostprocessing = 0;
		};
		EE964C3D21CB879700D0161F /* Frameworks */ = {
			isa = PBXFrameworksBuildPhase;
			buildActionMask = 2147483647;
			files = (
			);
			runOnlyForDeploymentPostprocessing = 0;
		};
		EE964C4821CB879700D0161F /* Frameworks */ = {
			isa = PBXFrameworksBuildPhase;
			buildActionMask = 2147483647;
			files = (
			);
			runOnlyForDeploymentPostprocessing = 0;
		};
/* End PBXFrameworksBuildPhase section */

/* Begin PBXGroup section */
		EE964C1F21CB879500D0161F = {
			isa = PBXGroup;
			children = (
				EE964C2A21CB879500D0161F /* OCDateFormatter */,
				EE964C4321CB879700D0161F /* OCDateFormatterTests */,
				EE964C4E21CB879700D0161F /* OCDateFormatterUITests */,
				EE964C2921CB879500D0161F /* Products */,
			);
			sourceTree = "<group>";
		};
		EE964C2921CB879500D0161F /* Products */ = {
			isa = PBXGroup;
			children = (
				EE964C2821CB879500D0161F /* OCDateFormatter.app */,
				EE964C4021CB879700D0161F /* OCDateFormatterTests.xctest */,
				EE964C4B21CB879700D0161F /* OCDateFormatterUITests.xctest */,
			);
			name = Products;
			sourceTree = "<group>";
		};
		EE964C2A21CB879500D0161F /* OCDateFormatter */ = {
			isa = PBXGroup;
			children = (
				EE964C2B21CB879500D0161F /* AppDelegate.h */,
				EE964C2C21CB879500D0161F /* AppDelegate.m */,
				EE964C2E21CB879500D0161F /* ViewController.h */,
				EE964C2F21CB879500D0161F /* ViewController.m */,
				EE964C6021CBB51F00D0161F /* DateFormatterCache.h */,
				EE964C6121CBB51F00D0161F /* DateFormatterCache.m */,
				EE964C3121CB879500D0161F /* Main.storyboard */,
				EE964C3421CB879700D0161F /* Assets.xcassets */,
				EE964C3621CB879700D0161F /* LaunchScreen.storyboard */,
				EE964C3921CB879700D0161F /* Info.plist */,
				EE964C3A21CB879700D0161F /* main.m */,
			);
			path = OCDateFormatter;
			sourceTree = "<group>";
		};
		EE964C4321CB879700D0161F /* OCDateFormatterTests */ = {
			isa = PBXGroup;
			children = (
				EE964C4421CB879700D0161F /* OCDateFormatterTests.m */,
				EE964C4621CB879700D0161F /* Info.plist */,
			);
			path = OCDateFormatterTests;
			sourceTree = "<group>";
		};
		EE964C4E21CB879700D0161F /* OCDateFormatterUITests */ = {
			isa = PBXGroup;
			children = (
				EE964C4F21CB879700D0161F /* OCDateFormatterUITests.m */,
				EE964C5121CB879700D0161F /* Info.plist */,
			);
			path = OCDateFormatterUITests;
			sourceTree = "<group>";
		};
/* End PBXGroup section */

/* Begin PBXNativeTarget section */
		EE964C2721CB879500D0161F /* OCDateFormatter */ = {
			isa = PBXNativeTarget;
			buildConfigurationList = EE964C5421CB879700D0161F /* Build configuration list for PBXNativeTarget "OCDateFormatter" */;
			buildPhases = (
				EE964C2421CB879500D0161F /* Sources */,
				EE964C2521CB879500D0161F /* Frameworks */,
				EE964C2621CB879500D0161F /* Resources */,
			);
			buildRules = (
			);
			dependencies = (
			);
			name = OCDateFormatter;
			productName = OCDateFormatter;
			productReference = EE964C2821CB879500D0161F /* OCDateFormatter.app */;
			productType = "com.apple.product-type.application";
		};
		EE964C3F21CB879700D0161F /* OCDateFormatterTests */ = {
			isa = PBXNativeTarget;
			buildConfigurationList = EE964C5721CB879700D0161F /* Build configuration list for PBXNativeTarget "OCDateFormatterTests" */;
			buildPhases = (
				EE964C3C21CB879700D0161F /* Sources */,
				EE964C3D21CB879700D0161F /* Frameworks */,
				EE964C3E21CB879700D0161F /* Resources */,
			);
			buildRules = (
			);
			dependencies = (
				EE964C4221CB879700D0161F /* PBXTargetDependency */,
			);
			name = OCDateFormatterTests;
			productName = OCDateFormatterTests;
			productReference = EE964C4021CB879700D0161F /* OCDateFormatterTests.xctest */;
			productType = "com.apple.product-type.bundle.unit-test";
		};
		EE964C4A21CB879700D0161F /* OCDateFormatterUITests */ = {
			isa = PBXNativeTarget;
			buildConfigurationList = EE964C5A21CB879700D0161F /* Build configuration list for PBXNativeTarget "OCDateFormatterUITests" */;
			buildPhases = (
				EE964C4721CB879700D0161F /* Sources */,
				EE964C4821CB879700D0161F /* Frameworks */,
				EE964C4921CB879700D0161F /* Resources */,
			);
			buildRules = (
			);
			dependencies = (
				EE964C4D21CB879700D0161F /* PBXTargetDependency */,
			);
			name = OCDateFormatterUITests;
			productName = OCDateFormatterUITests;
			productReference = EE964C4B21CB879700D0161F /* OCDateFormatterUITests.xctest */;
			productType = "com.apple.product-type.bundle.ui-testing";
		};
/* End PBXNativeTarget section */

/* Begin PBXProject section */
		EE964C2021CB879500D0161F /* Project object */ = {
			isa = PBXProject;
			attributes = {
				LastUpgradeCheck = 1010;
				ORGANIZATIONNAME = "瑞文戴尔";
				TargetAttributes = {
					EE964C2721CB879500D0161F = {
						CreatedOnToolsVersion = 10.1;
					};
					EE964C3F21CB879700D0161F = {
						CreatedOnToolsVersion = 10.1;
						TestTargetID = EE964C2721CB879500D0161F;
					};
					EE964C4A21CB879700D0161F = {
						CreatedOnToolsVersion = 10.1;
						TestTargetID = EE964C2721CB879500D0161F;
					};
				};
			};
			buildConfigurationList = EE964C2321CB879500D0161F /* Build configuration list for PBXProject "OCDateFormatter" */;
			compatibilityVersion = "Xcode 9.3";
			developmentRegion = en;
			hasScannedForEncodings = 0;
			knownRegions = (
				en,
				Base,
			);
			mainGroup = EE964C1F21CB879500D0161F;
			productRefGroup = EE964C2921CB879500D0161F /* Products */;
			projectDirPath = "";
			projectRoot = "";
			targets = (
				EE964C2721CB879500D0161F /* OCDateFormatter */,
				EE964C3F21CB879700D0161F /* OCDateFormatterTests */,
				EE964C4A21CB879700D0161F /* OCDateFormatterUITests */,
			);
		};
/* End PBXProject section */

/* Begin PBXResourcesBuildPhase section */
		EE964C2621CB879500D0161F /* Resources */ = {
			isa = PBXResourcesBuildPhase;
			buildActionMask = 2147483647;
			files = (
				EE964C3821CB879700D0161F /* LaunchScreen.storyboard in Resources */,
				EE964C3521CB879700D0161F /* Assets.xcassets in Resources */,
				EE964C3321CB879500D0161F /* Main.storyboard in Resources */,
			);
			runOnlyForDeploymentPostprocessing = 0;
		};
		EE964C3E21CB879700D0161F /* Resources */ = {
			isa = PBXResourcesBuildPhase;
			buildActionMask = 2147483647;
			files = (
			);
			runOnlyForDeploymentPostprocessing = 0;
		};
		EE964C4921CB879700D0161F /* Resources */ = {
			isa = PBXResourcesBuildPhase;
			buildActionMask = 2147483647;
			files = (
			);
			runOnlyForDeploymentPostprocessing = 0;
		};
/* End PBXResourcesBuildPhase section */

/* Begin PBXSourcesBuildPhase section */
		EE964C2421CB879500D0161F /* Sources */ = {
			isa = PBXSourcesBuildPhase;
			buildActionMask = 2147483647;
			files = (
				EE964C3021CB879500D0161F /* ViewController.m in Sources */,
				EE964C6221CBB51F00D0161F /* DateFormatterCache.m in Sources */,
				EE964C3B21CB879700D0161F /* main.m in Sources */,
				EE964C2D21CB879500D0161F /* AppDelegate.m in Sources */,
			);
			runOnlyForDeploymentPostprocessing = 0;
		};
		EE964C3C21CB879700D0161F /* Sources */ = {
			isa = PBXSourcesBuildPhase;
			buildActionMask = 2147483647;
			files = (
				EE964C4521CB879700D0161F /* OCDateFormatterTests.m in Sources */,
			);
			runOnlyForDeploymentPostprocessing = 0;
		};
		EE964C4721CB879700D0161F /* Sources */ = {
			isa = PBXSourcesBuildPhase;
			buildActionMask = 2147483647;
			files = (
				EE964C5021CB879700D0161F /* OCDateFormatterUITests.m in Sources */,
			);
			runOnlyForDeploymentPostprocessing = 0;
		};
/* End PBXSourcesBuildPhase section */

/* Begin PBXTargetDependency section */
		EE964C4221CB879700D0161F /* PBXTargetDependency */ = {
			isa = PBXTargetDependency;
			target = EE964C2721CB879500D0161F /* OCDateFormatter */;
			targetProxy = EE964C4121CB879700D0161F /* PBXContainerItemProxy */;
		};
		EE964C4D21CB879700D0161F /* PBXTargetDependency */ = {
			isa = PBXTargetDependency;
			target = EE964C2721CB879500D0161F /* OCDateFormatter */;
			targetProxy = EE964C4C21CB879700D0161F /* PBXContainerItemProxy */;
		};
/* End PBXTargetDependency section */

/* Begin PBXVariantGroup section */
		EE964C3121CB879500D0161F /* Main.storyboard */ = {
			isa = PBXVariantGroup;
			children = (
				EE964C3221CB879500D0161F /* Base */,
			);
			name = Main.storyboard;
			sourceTree = "<group>";
		};
		EE964C3621CB879700D0161F /* LaunchScreen.storyboard */ = {
			isa = PBXVariantGroup;
			children = (
				EE964C3721CB879700D0161F /* Base */,
			);
			name = LaunchScreen.storyboard;
			sourceTree = "<group>";
		};
/* End PBXVariantGroup section */

/* Begin XCBuildConfiguration section */
		EE964C5221CB879700D0161F /* Debug */ = {
			isa = XCBuildConfiguration;
			buildSettings = {
				ALWAYS_SEARCH_USER_PATHS = NO;
				CLANG_ANALYZER_NONNULL = YES;
				CLANG_ANALYZER_NUMBER_OBJECT_CONVERSION = YES_AGGRESSIVE;
				CLANG_CXX_LANGUAGE_STANDARD = "gnu++14";
				CLANG_CXX_LIBRARY = "libc++";
				CLANG_ENABLE_MODULES = YES;
				CLANG_ENABLE_OBJC_ARC = YES;
				CLANG_ENABLE_OBJC_WEAK = YES;
				CLANG_WARN_BLOCK_CAPTURE_AUTORELEASING = YES;
				CLANG_WARN_BOOL_CONVERSION = YES;
				CLANG_WARN_COMMA = YES;
				CLANG_WARN_CONSTANT_CONVERSION = YES;
				CLANG_WARN_DEPRECATED_OBJC_IMPLEMENTATIONS = YES;
				CLANG_WARN_DIRECT_OBJC_ISA_USAGE = YES_ERROR;
				CLANG_WARN_DOCUMENTATION_COMMENTS = YES;
				CLANG_WARN_EMPTY_BODY = YES;
				CLANG_WARN_ENUM_CONVERSION = YES;
				CLANG_WARN_INFINITE_RECURSION = YES;
				CLANG_WARN_INT_CONVERSION = YES;
				CLANG_WARN_NON_LITERAL_NULL_CONVERSION = YES;
				CLANG_WARN_OBJC_IMPLICIT_RETAIN_SELF = YES;
				CLANG_WARN_OBJC_LITERAL_CONVERSION = YES;
				CLANG_WARN_OBJC_ROOT_CLASS = YES_ERROR;
				CLANG_WARN_RANGE_LOOP_ANALYSIS = YES;
				CLANG_WARN_STRICT_PROTOTYPES = YES;
				CLANG_WARN_SUSPICIOUS_MOVE = YES;
				CLANG_WARN_UNGUARDED_AVAILABILITY = YES_AGGRESSIVE;
				CLANG_WARN_UNREACHABLE_CODE = YES;
				CLANG_WARN__DUPLICATE_METHOD_MATCH = YES;
				CODE_SIGN_IDENTITY = "iPhone Developer";
				COPY_PHASE_STRIP = NO;
				DEBUG_INFORMATION_FORMAT = dwarf;
				ENABLE_STRICT_OBJC_MSGSEND = YES;
				ENABLE_TESTABILITY = YES;
				GCC_C_LANGUAGE_STANDARD = gnu11;
				GCC_DYNAMIC_NO_PIC = NO;
				GCC_NO_COMMON_BLOCKS = YES;
				GCC_OPTIMIZATION_LEVEL = 0;
				GCC_PREPROCESSOR_DEFINITIONS = (
					"DEBUG=1",
					"$(inherited)",
				);
				GCC_WARN_64_TO_32_BIT_CONVERSION = YES;
				GCC_WARN_ABOUT_RETURN_TYPE = YES_ERROR;
				GCC_WARN_UNDECLARED_SELECTOR = YES;
				GCC_WARN_UNINITIALIZED_AUTOS = YES_AGGRESSIVE;
				GCC_WARN_UNUSED_FUNCTION = YES;
				GCC_WARN_UNUSED_VARIABLE = YES;
				IPHONEOS_DEPLOYMENT_TARGET = 12.1;
				MTL_ENABLE_DEBUG_INFO = INCLUDE_SOURCE;
				MTL_FAST_MATH = YES;
				ONLY_ACTIVE_ARCH = YES;
				SDKROOT = iphoneos;
			};
			name = Debug;
		};
		EE964C5321CB879700D0161F /* Release */ = {
			isa = XCBuildConfiguration;
			buildSettings = {
				ALWAYS_SEARCH_USER_PATHS = NO;
				CLANG_ANALYZER_NONNULL = YES;
				CLANG_ANALYZER_NUMBER_OBJECT_CONVERSION = YES_AGGRESSIVE;
				CLANG_CXX_LANGUAGE_STANDARD = "gnu++14";
				CLANG_CXX_LIBRARY = "libc++";
				CLANG_ENABLE_MODULES = YES;
				CLANG_ENABLE_OBJC_ARC = YES;
				CLANG_ENABLE_OBJC_WEAK = YES;
				CLANG_WARN_BLOCK_CAPTURE_AUTORELEASING = YES;
				CLANG_WARN_BOOL_CONVERSION = YES;
				CLANG_WARN_COMMA = YES;
				CLANG_WARN_CONSTANT_CONVERSION = YES;
				CLANG_WARN_DEPRECATED_OBJC_IMPLEMENTATIONS = YES;
				CLANG_WARN_DIRECT_OBJC_ISA_USAGE = YES_ERROR;
				CLANG_WARN_DOCUMENTATION_COMMENTS = YES;
				CLANG_WARN_EMPTY_BODY = YES;
				CLANG_WARN_ENUM_CONVERSION = YES;
				CLANG_WARN_INFINITE_RECURSION = YES;
				CLANG_WARN_INT_CONVERSION = YES;
				CLANG_WARN_NON_LITERAL_NULL_CONVERSION = YES;
				CLANG_WARN_OBJC_IMPLICIT_RETAIN_SELF = YES;
				CLANG_WARN_OBJC_LITERAL_CONVERSION = YES;
				CLANG_WARN_OBJC_ROOT_CLASS = YES_ERROR;
				CLANG_WARN_RANGE_LOOP_ANALYSIS = YES;
				CLANG_WARN_STRICT_PROTOTYPES = YES;
				CLANG_WARN_SUSPICIOUS_MOVE = YES;
				CLANG_WARN_UNGUARDED_AVAILABILITY = YES_AGGRESSIVE;
				CLANG_WARN_UNREACHABLE_CODE = YES;
				CLANG_WARN__DUPLICATE_METHOD_MATCH = YES;
				CODE_SIGN_IDENTITY = "iPhone Developer";
				COPY_PHASE_STRIP = NO;
				DEBUG_INFORMATION_FORMAT = "dwarf-with-dsym";
				ENABLE_NS_ASSERTIONS = NO;
				ENABLE_STRICT_OBJC_MSGSEND = YES;
				GCC_C_LANGUAGE_STANDARD = gnu11;
				GCC_NO_COMMON_BLOCKS = YES;
				GCC_WARN_64_TO_32_BIT_CONVERSION = YES;
				GCC_WARN_ABOUT_RETURN_TYPE = YES_ERROR;
				GCC_WARN_UNDECLARED_SELECTOR = YES;
				GCC_WARN_UNINITIALIZED_AUTOS = YES_AGGRESSIVE;
				GCC_WARN_UNUSED_FUNCTION = YES;
				GCC_WARN_UNUSED_VARIABLE = YES;
				IPHONEOS_DEPLOYMENT_TARGET = 12.1;
				MTL_ENABLE_DEBUG_INFO = NO;
				MTL_FAST_MATH = YES;
				SDKROOT = iphoneos;
				VALIDATE_PRODUCT = YES;
			};
			name = Release;
		};
		EE964C5521CB879700D0161F /* Debug */ = {
			isa = XCBuildConfiguration;
			buildSettings = {
				ASSETCATALOG_COMPILER_APPICON_NAME = AppIcon;
				CODE_SIGN_STYLE = Automatic;
				DEVELOPMENT_TEAM = FJ2RR7PUE2;
				INFOPLIST_FILE = OCDateFormatter/Info.plist;
				LD_RUNPATH_SEARCH_PATHS = (
					"$(inherited)",
					"@executable_path/Frameworks",
				);
				PRODUCT_BUNDLE_IDENTIFIER = com.ruiwendell.OCDateFormatter;
				PRODUCT_NAME = "$(TARGET_NAME)";
				TARGETED_DEVICE_FAMILY = "1,2";
			};
			name = Debug;
		};
		EE964C5621CB879700D0161F /* Release */ = {
			isa = XCBuildConfiguration;
			buildSettings = {
				ASSETCATALOG_COMPILER_APPICON_NAME = AppIcon;
				CODE_SIGN_STYLE = Automatic;
				DEVELOPMENT_TEAM = FJ2RR7PUE2;
				INFOPLIST_FILE = OCDateFormatter/Info.plist;
				LD_RUNPATH_SEARCH_PATHS = (
					"$(inherited)",
					"@executable_path/Frameworks",
				);
				PRODUCT_BUNDLE_IDENTIFIER = com.ruiwendell.OCDateFormatter;
				PRODUCT_NAME = "$(TARGET_NAME)";
				TARGETED_DEVICE_FAMILY = "1,2";
			};
			name = Release;
		};
		EE964C5821CB879700D0161F /* Debug */ = {
			isa = XCBuildConfiguration;
			buildSettings = {
				BUNDLE_LOADER = "$(TEST_HOST)";
				CODE_SIGN_STYLE = Automatic;
				DEVELOPMENT_TEAM = FJ2RR7PUE2;
				INFOPLIST_FILE = OCDateFormatterTests/Info.plist;
				LD_RUNPATH_SEARCH_PATHS = (
					"$(inherited)",
					"@executable_path/Frameworks",
					"@loader_path/Frameworks",
				);
				PRODUCT_BUNDLE_IDENTIFIER = com.ruiwendell.OCDateFormatterTests;
				PRODUCT_NAME = "$(TARGET_NAME)";
				TARGETED_DEVICE_FAMILY = "1,2";
				TEST_HOST = "$(BUILT_PRODUCTS_DIR)/OCDateFormatter.app/OCDateFormatter";
			};
			name = Debug;
		};
		EE964C5921CB879700D0161F /* Release */ = {
			isa = XCBuildConfiguration;
			buildSettings = {
				BUNDLE_LOADER = "$(TEST_HOST)";
				CODE_SIGN_STYLE = Automatic;
				DEVELOPMENT_TEAM = FJ2RR7PUE2;
				INFOPLIST_FILE = OCDateFormatterTests/Info.plist;
				LD_RUNPATH_SEARCH_PATHS = (
					"$(inherited)",
					"@executable_path/Frameworks",
					"@loader_path/Frameworks",
				);
				PRODUCT_BUNDLE_IDENTIFIER = com.ruiwendell.OCDateFormatterTests;
				PRODUCT_NAME = "$(TARGET_NAME)";
				TARGETED_DEVICE_FAMILY = "1,2";
				TEST_HOST = "$(BUILT_PRODUCTS_DIR)/OCDateFormatter.app/OCDateFormatter";
			};
			name = Release;
		};
		EE964C5B21CB879700D0161F /* Debug */ = {
			isa = XCBuildConfiguration;
			buildSettings = {
				CODE_SIGN_STYLE = Automatic;
				DEVELOPMENT_TEAM = FJ2RR7PUE2;
				INFOPLIST_FILE = OCDateFormatterUITests/Info.plist;
				LD_RUNPATH_SEARCH_PATHS = (
					"$(inherited)",
					"@executable_path/Frameworks",
					"@loader_path/Frameworks",
				);
				PRODUCT_BUNDLE_IDENTIFIER = com.ruiwendell.OCDateFormatterUITests;
				PRODUCT_NAME = "$(TARGET_NAME)";
				TARGETED_DEVICE_FAMILY = "1,2";
				TEST_TARGET_NAME = OCDateFormatter;
			};
			name = Debug;
		};
		EE964C5C21CB879700D0161F /* Release */ = {
			isa = XCBuildConfiguration;
			buildSettings = {
				CODE_SIGN_STYLE = Automatic;
				DEVELOPMENT_TEAM = FJ2RR7PUE2;
				INFOPLIST_FILE = OCDateFormatterUITests/Info.plist;
				LD_RUNPATH_SEARCH_PATHS = (
					"$(inherited)",
					"@executable_path/Frameworks",
					"@loader_path/Frameworks",
				);
				PRODUCT_BUNDLE_IDENTIFIER = com.ruiwendell.OCDateFormatterUITests;
				PRODUCT_NAME = "$(TARGET_NAME)";
				TARGETED_DEVICE_FAMILY = "1,2";
				TEST_TARGET_NAME = OCDateFormatter;
			};
			name = Release;
		};
/* End XCBuildConfiguration section */

/* Begin XCConfigurationList section */
		EE964C2321CB879500D0161F /* Build configuration list for PBXProject "OCDateFormatter" */ = {
			isa = XCConfigurationList;
			buildConfigurations = (
				EE964C5221CB879700D0161F /* Debug */,
				EE964C5321CB879700D0161F /* Release */,
			);
			defaultConfigurationIsVisible = 0;
			defaultConfigurationName = Release;
		};
		EE964C5421CB879700D0161F /* Build configuration list for PBXNativeTarget "OCDateFormatter" */ = {
			isa = XCConfigurationList;
			buildConfigurations = (
				EE964C5521CB879700D0161F /* Debug */,
				EE964C5621CB879700D0161F /* Release */,
			);
			defaultConfigurationIsVisible = 0;
			defaultConfigurationName = Release;
		};
		EE964C5721CB879700D0161F /* Build configuration list for PBXNativeTarget "OCDateFormatterTests" */ = {
			isa = XCConfigurationList;
			buildConfigurations = (
				EE964C5821CB879700D0161F /* Debug */,
				EE964C5921CB879700D0161F /* Release */,
			);
			defaultConfigurationIsVisible = 0;
			defaultConfigurationName = Release;
		};
		EE964C5A21CB879700D0161F /* Build configuration list for PBXNativeTarget "OCDateFormatterUITests" */ = {
			isa = XCConfigurationList;
			buildConfigurations = (
				EE964C5B21CB879700D0161F /* Debug */,
				EE964C5C21CB879700D0161F /* Release */,
			);
			defaultConfigurationIsVisible = 0;
			defaultConfigurationName = Release;
		};
/* End XCConfigurationList section */
	};
	rootObject = EE964C2021CB879500D0161F /* Project object */;
}
